
Microsoft Visual Studio Solution File, Format Version 12.00
# Visual Studio Version 17
VisualStudioVersion = 17.6.33815.320
MinimumVisualStudioVersion = 10.0.40219.1
Project("{FAE04EC0-301F-11D3-BF4B-00C04F79EFBC}") = "WpfSnooker", "WpfSnooker\WpfSnooker.csproj", "{D54279CF-D106-42C9-AF58-EA943FD05A78}"
EndProject
Global
	GlobalSection(SolutionConfigurationPlatforms) = preSolution
		Debug|Any CPU = Debug|Any CPU
		Release|Any CPU = Release|Any CPU
	EndGlobalSection
	GlobalSection(ProjectConfigurationPlatforms) = postSolution
		{D54279CF-D106-42C9-AF58-EA943FD05A78}.Debug|Any CPU.ActiveCfg = Debug|Any CPU
		{D54279CF-D106-42C9-AF58-EA943FD05A78}.Debug|Any CPU.Build.0 = Debug|Any CPU
		{D54279CF-D106-42C9-AF58-EA943FD05A78}.Release|Any CPU.ActiveCfg = Release|Any CPU
		{D54279CF-D106-42C9-AF58-EA943FD05A78}.Release|Any CPU.Build.0 = Release|Any CPU
	EndGlobalSection
	GlobalSection(SolutionProperties) = preSolution
		HideSolutionNode = FALSE
	EndGlobalSection
	GlobalSection(ExtensibilityGlobals) = postSolution
		SolutionGuid = {D808EFB2-C238-4AFD-AB41-1ED17785ADA8}
	EndGlobalSection
EndGlobal
